
Microsoft Visual Studio Solution File, Format Version 12.00
# Visual Studio Version 17
VisualStudioVersion = 17.11.35219.272
MinimumVisualStudioVersion = 10.0.40219.1
Project("{FAE04EC0-301F-11D3-BF4B-00C04F79EFBC}") = "MeanderingHeroes", "MeanderingHeroes\MeanderingHeroes.csproj", "{260B3ECA-70C6-4007-92D5-973A9D5F1934}"
EndProject
Global
	GlobalSection(SolutionConfigurationPlatforms) = preSolution
		Debug|Any CPU = Debug|Any CPU
		Release|Any CPU = Release|Any CPU
	EndGlobalSection
	GlobalSection(ProjectConfigurationPlatforms) = postSolution
		{260B3ECA-70C6-4007-92D5-973A9D5F1934}.Debug|Any CPU.ActiveCfg = Debug|Any CPU
		{260B3ECA-70C6-4007-92D5-973A9D5F1934}.Debug|Any CPU.Build.0 = Debug|Any CPU
		{260B3ECA-70C6-4007-92D5-973A9D5F1934}.Release|Any CPU.ActiveCfg = Release|Any CPU
		{260B3ECA-70C6-4007-92D5-973A9D5F1934}.Release|Any CPU.Build.0 = Release|Any CPU
	EndGlobalSection
	GlobalSection(SolutionProperties) = preSolution
		HideSolutionNode = FALSE
	EndGlobalSection
	GlobalSection(ExtensibilityGlobals) = postSolution
		SolutionGuid = {C2AE7BB5-070F-48C8-8672-84481D1D95FD}
	EndGlobalSection
EndGlobal
